
Microsoft Visual Studio Solution File, Format Version 12.00
# Visual Studio Version 17
VisualStudioVersion = 17.8.34525.116
MinimumVisualStudioVersion = 10.0.40219.1
Project("{9A19103F-16F7-4668-BE54-9A1E7A4F7556}") = "BluetoothService.Example", "BluetoothService.Example\BluetoothService.Example.csproj", "{493D73E6-C1AA-4017-BAB6-DD6CF71CB6DB}"
EndProject
Project("{9A19103F-16F7-4668-BE54-9A1E7A4F7556}") = "Turbo.Maui.Services", "..\..\src\Services\Turbo.Maui.Services.csproj", "{7C71333D-4308-405E-86BE-B6297FE66F04}"
EndProject
Global
	GlobalSection(SolutionConfigurationPlatforms) = preSolution
		Debug|Any CPU = Debug|Any CPU
		Release|Any CPU = Release|Any CPU
	EndGlobalSection
	GlobalSection(ProjectConfigurationPlatforms) = postSolution
		{493D73E6-C1AA-4017-BAB6-DD6CF71CB6DB}.Debug|Any CPU.ActiveCfg = Debug|Any CPU
		{493D73E6-C1AA-4017-BAB6-DD6CF71CB6DB}.Debug|Any CPU.Build.0 = Debug|Any CPU
		{493D73E6-C1AA-4017-BAB6-DD6CF71CB6DB}.Debug|Any CPU.Deploy.0 = Debug|Any CPU
		{493D73E6-C1AA-4017-BAB6-DD6CF71CB6DB}.Release|Any CPU.ActiveCfg = Release|Any CPU
		{493D73E6-C1AA-4017-BAB6-DD6CF71CB6DB}.Release|Any CPU.Build.0 = Release|Any CPU
		{7C71333D-4308-405E-86BE-B6297FE66F04}.Debug|Any CPU.ActiveCfg = Debug|Any CPU
		{7C71333D-4308-405E-86BE-B6297FE66F04}.Debug|Any CPU.Build.0 = Debug|Any CPU
		{7C71333D-4308-405E-86BE-B6297FE66F04}.Release|Any CPU.ActiveCfg = Release|Any CPU
		{7C71333D-4308-405E-86BE-B6297FE66F04}.Release|Any CPU.Build.0 = Release|Any CPU
	EndGlobalSection
	GlobalSection(SolutionProperties) = preSolution
		HideSolutionNode = FALSE
	EndGlobalSection
	GlobalSection(ExtensibilityGlobals) = postSolution
		SolutionGuid = {4D9665C2-1855-4664-930A-0845FE437C10}
	EndGlobalSection
EndGlobal
